# This file was autogenerated by Stack.
# You should not edit this file by hand.
# For more information, please see the documentation at:
#   https://docs.haskellstack.org/en/stable/lock_files

packages:
- completed:
    hackage: pure-zlib-0.6.7@sha256:5a1cdf87bf3079b7d3abace1f94eeb3c597c687a38a08ee2908783e609271467,3487
    pantry-tree:
      size: 2173
      sha256: c8a18177a5a2b5508d12752e67b1932567e3534cd94dc33aae08a2492d314ecb
  original:
    hackage: pure-zlib-0.6.7
- completed:
    hackage: hw-kafka-avro-5.1.0@sha256:ff8b95df2a3ad2d6ed90040aff482faea3dfa8c4d18b458a5f3140bc30515d30,2487
    pantry-tree:
      size: 631
      sha256: c8cae58271be4f80c8e4d0a8f6bf3199f4786eced0499349ff01f0e2103354d9
  original:
    hackage: hw-kafka-avro-5.1.0
snapshots:
- completed:
    size: 565266
    url: https://raw.githubusercontent.com/commercialhaskell/stackage-snapshots/master/lts/17/5.yaml
    sha256: 78e8ebabf11406261abbc95b44f240acf71802630b368888f6d758de7fc3a2f7
  original: lts-17.5
